{
  "name": "sp1-gpu",
  "lockfileVersion": 3,
  "requires": true,
  "packages": {
    "": {
      "dependencies": {
        "claude": "^0.1.1"
      }
    },
    "node_modules/claude": {
      "version": "0.1.1",
      "resolved": "https://registry.npmjs.org/claude/-/claude-0.1.1.tgz",
      "integrity": "sha512-j7oSibqQdIODNhkI1sEJzHMiPsF43L/GqNbcA+eDDyGM10+x2sH9NW/PK6vM3z0J2tLDKMBcc5ZjVaoRinhuCA==",
      "license": "ISC"
    }
  }
}
